
Microsoft Visual Studio Solution File, Format Version 12.00
# Visual Studio Version 17
VisualStudioVersion = 17.8.34525.116
MinimumVisualStudioVersion = 10.0.40219.1
Project("{FAE04EC0-301F-11D3-BF4B-00C04F79EFBC}") = "Bank", "Bank.csproj", "{53E4CC55-CCE7-4987-81DF-4F499778D66C}"
EndProject
Project("{FAE04EC0-301F-11D3-BF4B-00C04F79EFBC}") = "BankTests", "..\BankTests\BankTests.csproj", "{6E74854B-7530-4798-938D-031094D2608E}"
EndProject
Global
	GlobalSection(SolutionConfigurationPlatforms) = preSolution
		Debug|Any CPU = Debug|Any CPU
		Release|Any CPU = Release|Any CPU
	EndGlobalSection
	GlobalSection(ProjectConfigurationPlatforms) = postSolution
		{53E4CC55-CCE7-4987-81DF-4F499778D66C}.Debug|Any CPU.ActiveCfg = Debug|Any CPU
		{53E4CC55-CCE7-4987-81DF-4F499778D66C}.Debug|Any CPU.Build.0 = Debug|Any CPU
		{53E4CC55-CCE7-4987-81DF-4F499778D66C}.Release|Any CPU.ActiveCfg = Release|Any CPU
		{53E4CC55-CCE7-4987-81DF-4F499778D66C}.Release|Any CPU.Build.0 = Release|Any CPU
		{6E74854B-7530-4798-938D-031094D2608E}.Debug|Any CPU.ActiveCfg = Debug|Any CPU
		{6E74854B-7530-4798-938D-031094D2608E}.Debug|Any CPU.Build.0 = Debug|Any CPU
		{6E74854B-7530-4798-938D-031094D2608E}.Release|Any CPU.ActiveCfg = Release|Any CPU
		{6E74854B-7530-4798-938D-031094D2608E}.Release|Any CPU.Build.0 = Release|Any CPU
	EndGlobalSection
	GlobalSection(SolutionProperties) = preSolution
		HideSolutionNode = FALSE
	EndGlobalSection
	GlobalSection(ExtensibilityGlobals) = postSolution
		SolutionGuid = {00862092-4C39-4BCA-8895-4349591EF097}
	EndGlobalSection
EndGlobal
